
Microsoft Visual Studio Solution File, Format Version 12.00
# 
Project("{FAE04EC0-301F-11D3-BF4B-00C04F79EFBC}") = "InfiniteStamina", "InfiniteStamina\InfiniteStamina.csproj", "{DDDC2CCD-9A95-42D4-8DC9-25E92AC544EC}"
EndProject
Project("{FAE04EC0-301F-11D3-BF4B-00C04F79EFBC}") = "Common", "..\GatoProxy\Common\Common.csproj", "{F9F4EE1F-A8FF-44E0-9603-355C51AE6782}"
EndProject
Project("{FAE04EC0-301F-11D3-BF4B-00C04F79EFBC}") = "MapTeleport", "MapTeleport\MapTeleport.csproj", "{69E04A96-6F9B-4D70-B9CD-95F273EEADB4}"
EndProject
Project("{FAE04EC0-301F-11D3-BF4B-00C04F79EFBC}") = "Visualizer", "Visualizer\Visualizer.csproj", "{06A377A0-736B-4605-944D-7D74A1C70FE8}"
EndProject
Project("{FAE04EC0-301F-11D3-BF4B-00C04F79EFBC}") = "Windblade", "Windblade\Windblade.csproj", "{9864044A-5E9E-4825-A468-DD496DD6948A}"
EndProject
Project("{FAE04EC0-301F-11D3-BF4B-00C04F79EFBC}") = "UIDHider", "UIDHider\UIDHider.csproj", "{74551E2F-71D2-4FDB-91FC-172FB96C1BAF}"
EndProject
Project("{FAE04EC0-301F-11D3-BF4B-00C04F79EFBC}") = "FreakyProxy", "..\GatoProxy\FreakyProxy\FreakyProxy.csproj", "{B124762F-77AE-4FE1-841D-FFF4DDE8C73F}"
EndProject
Project("{FAE04EC0-301F-11D3-BF4B-00C04F79EFBC}") = "CodeGenerator", "..\GatoProxy\CodeGenerator\CodeGenerator.csproj", "{14EC2687-6FDB-42D9-89D4-04B2B218C35E}"
EndProject
Project("{FAE04EC0-301F-11D3-BF4B-00C04F79EFBC}") = "KcpTransport", "..\GatoProxy\KcpTransport\KcpTransport.csproj", "{8692C714-6486-4397-A1BE-D8208B1634FB}"
EndProject
Project("{FAE04EC0-301F-11D3-BF4B-00C04F79EFBC}") = "Packando", "Packando\Packando.csproj", "{2A4894A3-8032-4B7A-A7B2-78F208C4D37C}"
EndProject
Project("{FAE04EC0-301F-11D3-BF4B-00C04F79EFBC}") = "NoCooldown", "NoCooldown\NoCooldown.csproj", "{9CE7AF81-E0A7-4DDD-ADC3-62889F041DF1}"
EndProject
Project("{FAE04EC0-301F-11D3-BF4B-00C04F79EFBC}") = "TheOtherTraveler", "TheOtherTraveler\TheOtherTraveler.csproj", "{25B9DC77-143A-4DC9-B957-C5F575BE4803}"
EndProject
Project("{2150E333-8FDC-42A3-9474-1A3956D46DE8}") = "Plugins", "Plugins", "{25D72CA1-EEB0-419D-A8EC-798C24A114BB}"
EndProject
Project("{FAE04EC0-301F-11D3-BF4B-00C04F79EFBC}") = "WorldSync", "WorldSync\WorldSync.csproj", "{E78AFD43-519F-40EC-A976-6C4E3D2D9609}"
EndProject
Project("{FAE04EC0-301F-11D3-BF4B-00C04F79EFBC}") = "FreakyClient", "..\GatoProxy\FreakyClient\FreakyClient.csproj", "{53B21F5D-041B-4B87-8716-140EB7408F1E}"
EndProject
Global
	GlobalSection(SolutionConfigurationPlatforms) = preSolution
		Debug|Any CPU = Debug|Any CPU
		Release|Any CPU = Release|Any CPU
	EndGlobalSection
	GlobalSection(ProjectConfigurationPlatforms) = postSolution
		{DDDC2CCD-9A95-42D4-8DC9-25E92AC544EC}.Debug|Any CPU.ActiveCfg = Debug|Any CPU
		{DDDC2CCD-9A95-42D4-8DC9-25E92AC544EC}.Debug|Any CPU.Build.0 = Debug|Any CPU
		{DDDC2CCD-9A95-42D4-8DC9-25E92AC544EC}.Release|Any CPU.ActiveCfg = Release|Any CPU
		{DDDC2CCD-9A95-42D4-8DC9-25E92AC544EC}.Release|Any CPU.Build.0 = Release|Any CPU
		{F9F4EE1F-A8FF-44E0-9603-355C51AE6782}.Debug|Any CPU.ActiveCfg = Debug|Any CPU
		{F9F4EE1F-A8FF-44E0-9603-355C51AE6782}.Debug|Any CPU.Build.0 = Debug|Any CPU
		{F9F4EE1F-A8FF-44E0-9603-355C51AE6782}.Release|Any CPU.ActiveCfg = Release|Any CPU
		{F9F4EE1F-A8FF-44E0-9603-355C51AE6782}.Release|Any CPU.Build.0 = Release|Any CPU
		{69E04A96-6F9B-4D70-B9CD-95F273EEADB4}.Debug|Any CPU.ActiveCfg = Debug|Any CPU
		{69E04A96-6F9B-4D70-B9CD-95F273EEADB4}.Debug|Any CPU.Build.0 = Debug|Any CPU
		{69E04A96-6F9B-4D70-B9CD-95F273EEADB4}.Release|Any CPU.ActiveCfg = Release|Any CPU
		{69E04A96-6F9B-4D70-B9CD-95F273EEADB4}.Release|Any CPU.Build.0 = Release|Any CPU
		{06A377A0-736B-4605-944D-7D74A1C70FE8}.Debug|Any CPU.ActiveCfg = Debug|Any CPU
		{06A377A0-736B-4605-944D-7D74A1C70FE8}.Debug|Any CPU.Build.0 = Debug|Any CPU
		{06A377A0-736B-4605-944D-7D74A1C70FE8}.Release|Any CPU.ActiveCfg = Release|Any CPU
		{06A377A0-736B-4605-944D-7D74A1C70FE8}.Release|Any CPU.Build.0 = Release|Any CPU
		{9864044A-5E9E-4825-A468-DD496DD6948A}.Debug|Any CPU.ActiveCfg = Debug|Any CPU
		{9864044A-5E9E-4825-A468-DD496DD6948A}.Debug|Any CPU.Build.0 = Debug|Any CPU
		{9864044A-5E9E-4825-A468-DD496DD6948A}.Release|Any CPU.ActiveCfg = Release|Any CPU
		{9864044A-5E9E-4825-A468-DD496DD6948A}.Release|Any CPU.Build.0 = Release|Any CPU
		{74551E2F-71D2-4FDB-91FC-172FB96C1BAF}.Debug|Any CPU.ActiveCfg = Debug|Any CPU
		{74551E2F-71D2-4FDB-91FC-172FB96C1BAF}.Debug|Any CPU.Build.0 = Debug|Any CPU
		{74551E2F-71D2-4FDB-91FC-172FB96C1BAF}.Release|Any CPU.ActiveCfg = Release|Any CPU
		{74551E2F-71D2-4FDB-91FC-172FB96C1BAF}.Release|Any CPU.Build.0 = Release|Any CPU
		{B124762F-77AE-4FE1-841D-FFF4DDE8C73F}.Debug|Any CPU.ActiveCfg = Debug|Any CPU
		{B124762F-77AE-4FE1-841D-FFF4DDE8C73F}.Debug|Any CPU.Build.0 = Debug|Any CPU
		{B124762F-77AE-4FE1-841D-FFF4DDE8C73F}.Release|Any CPU.ActiveCfg = Release|Any CPU
		{B124762F-77AE-4FE1-841D-FFF4DDE8C73F}.Release|Any CPU.Build.0 = Release|Any CPU
		{14EC2687-6FDB-42D9-89D4-04B2B218C35E}.Debug|Any CPU.ActiveCfg = Debug|Any CPU
		{14EC2687-6FDB-42D9-89D4-04B2B218C35E}.Debug|Any CPU.Build.0 = Debug|Any CPU
		{14EC2687-6FDB-42D9-89D4-04B2B218C35E}.Release|Any CPU.ActiveCfg = Release|Any CPU
		{14EC2687-6FDB-42D9-89D4-04B2B218C35E}.Release|Any CPU.Build.0 = Release|Any CPU
		{8692C714-6486-4397-A1BE-D8208B1634FB}.Debug|Any CPU.ActiveCfg = Debug|Any CPU
		{8692C714-6486-4397-A1BE-D8208B1634FB}.Debug|Any CPU.Build.0 = Debug|Any CPU
		{8692C714-6486-4397-A1BE-D8208B1634FB}.Release|Any CPU.ActiveCfg = Release|Any CPU
		{8692C714-6486-4397-A1BE-D8208B1634FB}.Release|Any CPU.Build.0 = Release|Any CPU
		{2A4894A3-8032-4B7A-A7B2-78F208C4D37C}.Debug|Any CPU.ActiveCfg = Debug|Any CPU
		{2A4894A3-8032-4B7A-A7B2-78F208C4D37C}.Debug|Any CPU.Build.0 = Debug|Any CPU
		{2A4894A3-8032-4B7A-A7B2-78F208C4D37C}.Release|Any CPU.ActiveCfg = Release|Any CPU
		{2A4894A3-8032-4B7A-A7B2-78F208C4D37C}.Release|Any CPU.Build.0 = Release|Any CPU
		{9CE7AF81-E0A7-4DDD-ADC3-62889F041DF1}.Debug|Any CPU.ActiveCfg = Debug|Any CPU
		{9CE7AF81-E0A7-4DDD-ADC3-62889F041DF1}.Debug|Any CPU.Build.0 = Debug|Any CPU
		{9CE7AF81-E0A7-4DDD-ADC3-62889F041DF1}.Release|Any CPU.ActiveCfg = Release|Any CPU
		{9CE7AF81-E0A7-4DDD-ADC3-62889F041DF1}.Release|Any CPU.Build.0 = Release|Any CPU
		{25B9DC77-143A-4DC9-B957-C5F575BE4803}.Debug|Any CPU.ActiveCfg = Debug|Any CPU
		{25B9DC77-143A-4DC9-B957-C5F575BE4803}.Debug|Any CPU.Build.0 = Debug|Any CPU
		{25B9DC77-143A-4DC9-B957-C5F575BE4803}.Release|Any CPU.ActiveCfg = Release|Any CPU
		{25B9DC77-143A-4DC9-B957-C5F575BE4803}.Release|Any CPU.Build.0 = Release|Any CPU
		{E78AFD43-519F-40EC-A976-6C4E3D2D9609}.Debug|Any CPU.ActiveCfg = Debug|Any CPU
		{E78AFD43-519F-40EC-A976-6C4E3D2D9609}.Debug|Any CPU.Build.0 = Debug|Any CPU
		{E78AFD43-519F-40EC-A976-6C4E3D2D9609}.Release|Any CPU.ActiveCfg = Release|Any CPU
		{E78AFD43-519F-40EC-A976-6C4E3D2D9609}.Release|Any CPU.Build.0 = Release|Any CPU
		{53B21F5D-041B-4B87-8716-140EB7408F1E}.Debug|Any CPU.ActiveCfg = Debug|Any CPU
		{53B21F5D-041B-4B87-8716-140EB7408F1E}.Debug|Any CPU.Build.0 = Debug|Any CPU
		{53B21F5D-041B-4B87-8716-140EB7408F1E}.Release|Any CPU.ActiveCfg = Release|Any CPU
		{53B21F5D-041B-4B87-8716-140EB7408F1E}.Release|Any CPU.Build.0 = Release|Any CPU
	EndGlobalSection
	GlobalSection(NestedProjects) = preSolution
		{DDDC2CCD-9A95-42D4-8DC9-25E92AC544EC} = {25D72CA1-EEB0-419D-A8EC-798C24A114BB}
		{69E04A96-6F9B-4D70-B9CD-95F273EEADB4} = {25D72CA1-EEB0-419D-A8EC-798C24A114BB}
		{9CE7AF81-E0A7-4DDD-ADC3-62889F041DF1} = {25D72CA1-EEB0-419D-A8EC-798C24A114BB}
		{2A4894A3-8032-4B7A-A7B2-78F208C4D37C} = {25D72CA1-EEB0-419D-A8EC-798C24A114BB}
		{25B9DC77-143A-4DC9-B957-C5F575BE4803} = {25D72CA1-EEB0-419D-A8EC-798C24A114BB}
		{74551E2F-71D2-4FDB-91FC-172FB96C1BAF} = {25D72CA1-EEB0-419D-A8EC-798C24A114BB}
		{06A377A0-736B-4605-944D-7D74A1C70FE8} = {25D72CA1-EEB0-419D-A8EC-798C24A114BB}
		{9864044A-5E9E-4825-A468-DD496DD6948A} = {25D72CA1-EEB0-419D-A8EC-798C24A114BB}
		{E78AFD43-519F-40EC-A976-6C4E3D2D9609} = {25D72CA1-EEB0-419D-A8EC-798C24A114BB}
	EndGlobalSection
EndGlobal
